
Microsoft Visual Studio Solution File, Format Version 12.00
# Visual Studio Version 16
VisualStudioVersion = 16.0.29709.97
MinimumVisualStudioVersion = 10.0.40219.1
Project("{8BC9CEB8-8B4A-11D0-8D11-00A0C91BC942}") = "TestLib", "TestLib.vcxitems", "{A1E4E1DC-8BE6-482E-835B-DEFA7FE49F48}"
EndProject
Project("{2150E333-8FDC-42A3-9474-1A3956D46DE8}") = "Sources", "Sources", "{797A6D92-7B5C-40B9-A923-FD45BB1216A5}"
EndProject
Project("{2150E333-8FDC-42A3-9474-1A3956D46DE8}") = "Platforms", "Platforms", "{429C3A84-B01F-4C10-8125-E8BED54C67A8}"
EndProject
Project("{8BC9CEB8-8B4A-11D0-8D11-00A0C91BC942}") = "TestLibWin", "TestLibWin.vcxproj", "{5CDB8A90-4FB3-416D-96FC-FD12DB1BB703}"
EndProject
Project("{2150E333-8FDC-42A3-9474-1A3956D46DE8}") = "Windows", "Windows", "{26D8944C-EB5E-483C-BA0F-1CE9CAF60B43}"
EndProject
Project("{2150E333-8FDC-42A3-9474-1A3956D46DE8}") = "Library", "Library", "{D210ABA1-2B81-4FD4-ADE6-3027F297D558}"
EndProject
Project("{2150E333-8FDC-42A3-9474-1A3956D46DE8}") = "Component", "Component", "{C5A858D1-A595-4615-9093-C0D7D9092B0C}"
EndProject
Project("{2150E333-8FDC-42A3-9474-1A3956D46DE8}") = "Platforms", "Platforms", "{36F209B6-F097-4662-9FD9-84F6AFCEA909}"
EndProject
Project("{2150E333-8FDC-42A3-9474-1A3956D46DE8}") = "Sources", "Sources", "{3A106D32-2CC7-4853-8949-E984A5E54CE9}"
EndProject
Project("{8BC9CEB8-8B4A-11D0-8D11-00A0C91BC942}") = "TestApplication", "TestApplication.vcxitems", "{92744882-31FD-4A4E-87E4-788778D97259}"
EndProject
Project("{2150E333-8FDC-42A3-9474-1A3956D46DE8}") = "Windows", "Windows", "{2D310625-2FC7-42CA-B817-1C7741D60A5F}"
EndProject
Project("{8BC9CEB8-8B4A-11D0-8D11-00A0C91BC942}") = "TestApplicationWin", "TestApplicationWin.vcxproj", "{E00CBD89-5573-4ED3-BECA-2C2DAD31FEB4}"
	ProjectSection(ProjectDependencies) = postProject
		{5CDB8A90-4FB3-416D-96FC-FD12DB1BB703} = {5CDB8A90-4FB3-416D-96FC-FD12DB1BB703}
	EndProjectSection
EndProject
Project("{2150E333-8FDC-42A3-9474-1A3956D46DE8}") = "Linux", "Linux", "{8AFE462B-1CEB-4A68-A989-ED0FD8CD3784}"
EndProject
Project("{8BC9CEB8-8B4A-11D0-8D11-00A0C91BC942}") = "TestLibLin", "TestLibLin.vcxproj", "{4D4AA027-EE67-4F7A-AE14-17580E788ADA}"
EndProject
Project("{2150E333-8FDC-42A3-9474-1A3956D46DE8}") = "Linux", "Linux", "{BE174B8A-E75F-40AE-8A20-6060DB77CDC6}"
EndProject
Project("{8BC9CEB8-8B4A-11D0-8D11-00A0C91BC942}") = "TestApplicationLin", "TestApplicationLin.vcxproj", "{E2BC89BD-793A-4899-A785-97CA4192D7F1}"
	ProjectSection(ProjectDependencies) = postProject
		{4D4AA027-EE67-4F7A-AE14-17580E788ADA} = {4D4AA027-EE67-4F7A-AE14-17580E788ADA}
	EndProjectSection
EndProject
Global
	GlobalSection(SharedMSBuildProjectFiles) = preSolution
		TestLib.vcxitems*{4d4aa027-ee67-4f7a-ae14-17580e788ada}*SharedItemsImports = 4
		TestLib.vcxitems*{5cdb8a90-4fb3-416d-96fc-fd12db1bb703}*SharedItemsImports = 4
		TestApplication.vcxitems*{92744882-31fd-4a4e-87e4-788778d97259}*SharedItemsImports = 9
		TestLib.vcxitems*{a1e4e1dc-8be6-482e-835b-defa7fe49f48}*SharedItemsImports = 9
		TestApplication.vcxitems*{e00cbd89-5573-4ed3-beca-2c2dad31feb4}*SharedItemsImports = 4
		TestApplication.vcxitems*{e2bc89bd-793a-4899-a785-97ca4192d7f1}*SharedItemsImports = 4
	EndGlobalSection
	GlobalSection(SolutionConfigurationPlatforms) = preSolution
		Debug|ARM = Debug|ARM
		Debug|ARM64 = Debug|ARM64
		Debug|x64 = Debug|x64
		Debug|x86 = Debug|x86
		Release|ARM = Release|ARM
		Release|ARM64 = Release|ARM64
		Release|x64 = Release|x64
		Release|x86 = Release|x86
	EndGlobalSection
	GlobalSection(ProjectConfigurationPlatforms) = postSolution
		{5CDB8A90-4FB3-416D-96FC-FD12DB1BB703}.Debug|ARM.ActiveCfg = Debug|Win32
		{5CDB8A90-4FB3-416D-96FC-FD12DB1BB703}.Debug|ARM64.ActiveCfg = Debug|Win32
		{5CDB8A90-4FB3-416D-96FC-FD12DB1BB703}.Debug|x64.ActiveCfg = Debug|x64
		{5CDB8A90-4FB3-416D-96FC-FD12DB1BB703}.Debug|x64.Build.0 = Debug|x64
		{5CDB8A90-4FB3-416D-96FC-FD12DB1BB703}.Debug|x86.ActiveCfg = Debug|Win32
		{5CDB8A90-4FB3-416D-96FC-FD12DB1BB703}.Debug|x86.Build.0 = Debug|Win32
		{5CDB8A90-4FB3-416D-96FC-FD12DB1BB703}.Release|ARM.ActiveCfg = Release|Win32
		{5CDB8A90-4FB3-416D-96FC-FD12DB1BB703}.Release|ARM64.ActiveCfg = Release|Win32
		{5CDB8A90-4FB3-416D-96FC-FD12DB1BB703}.Release|x64.ActiveCfg = Release|x64
		{5CDB8A90-4FB3-416D-96FC-FD12DB1BB703}.Release|x64.Build.0 = Release|x64
		{5CDB8A90-4FB3-416D-96FC-FD12DB1BB703}.Release|x86.ActiveCfg = Release|Win32
		{5CDB8A90-4FB3-416D-96FC-FD12DB1BB703}.Release|x86.Build.0 = Release|Win32
		{E00CBD89-5573-4ED3-BECA-2C2DAD31FEB4}.Debug|ARM.ActiveCfg = Debug|Win32
		{E00CBD89-5573-4ED3-BECA-2C2DAD31FEB4}.Debug|ARM64.ActiveCfg = Debug|Win32
		{E00CBD89-5573-4ED3-BECA-2C2DAD31FEB4}.Debug|x64.ActiveCfg = Debug|x64
		{E00CBD89-5573-4ED3-BECA-2C2DAD31FEB4}.Debug|x64.Build.0 = Debug|x64
		{E00CBD89-5573-4ED3-BECA-2C2DAD31FEB4}.Debug|x86.ActiveCfg = Debug|Win32
		{E00CBD89-5573-4ED3-BECA-2C2DAD31FEB4}.Debug|x86.Build.0 = Debug|Win32
		{E00CBD89-5573-4ED3-BECA-2C2DAD31FEB4}.Release|ARM.ActiveCfg = Release|Win32
		{E00CBD89-5573-4ED3-BECA-2C2DAD31FEB4}.Release|ARM64.ActiveCfg = Release|Win32
		{E00CBD89-5573-4ED3-BECA-2C2DAD31FEB4}.Release|x64.ActiveCfg = Release|x64
		{E00CBD89-5573-4ED3-BECA-2C2DAD31FEB4}.Release|x64.Build.0 = Release|x64
		{E00CBD89-5573-4ED3-BECA-2C2DAD31FEB4}.Release|x86.ActiveCfg = Release|Win32
		{E00CBD89-5573-4ED3-BECA-2C2DAD31FEB4}.Release|x86.Build.0 = Release|Win32
		{4D4AA027-EE67-4F7A-AE14-17580E788ADA}.Debug|ARM.ActiveCfg = Debug|ARM
		{4D4AA027-EE67-4F7A-AE14-17580E788ADA}.Debug|ARM.Build.0 = Debug|ARM
		{4D4AA027-EE67-4F7A-AE14-17580E788ADA}.Debug|ARM.Deploy.0 = Debug|ARM
		{4D4AA027-EE67-4F7A-AE14-17580E788ADA}.Debug|ARM64.ActiveCfg = Debug|ARM64
		{4D4AA027-EE67-4F7A-AE14-17580E788ADA}.Debug|ARM64.Build.0 = Debug|ARM64
		{4D4AA027-EE67-4F7A-AE14-17580E788ADA}.Debug|ARM64.Deploy.0 = Debug|ARM64
		{4D4AA027-EE67-4F7A-AE14-17580E788ADA}.Debug|x64.ActiveCfg = Debug|x64
		{4D4AA027-EE67-4F7A-AE14-17580E788ADA}.Debug|x64.Build.0 = Debug|x64
		{4D4AA027-EE67-4F7A-AE14-17580E788ADA}.Debug|x64.Deploy.0 = Debug|x64
		{4D4AA027-EE67-4F7A-AE14-17580E788ADA}.Debug|x86.ActiveCfg = Debug|x86
		{4D4AA027-EE67-4F7A-AE14-17580E788ADA}.Debug|x86.Build.0 = Debug|x86
		{4D4AA027-EE67-4F7A-AE14-17580E788ADA}.Debug|x86.Deploy.0 = Debug|x86
		{4D4AA027-EE67-4F7A-AE14-17580E788ADA}.Release|ARM.ActiveCfg = Release|ARM
		{4D4AA027-EE67-4F7A-AE14-17580E788ADA}.Release|ARM.Build.0 = Release|ARM
		{4D4AA027-EE67-4F7A-AE14-17580E788ADA}.Release|ARM.Deploy.0 = Release|ARM
		{4D4AA027-EE67-4F7A-AE14-17580E788ADA}.Release|ARM64.ActiveCfg = Release|ARM64
		{4D4AA027-EE67-4F7A-AE14-17580E788ADA}.Release|ARM64.Build.0 = Release|ARM64
		{4D4AA027-EE67-4F7A-AE14-17580E788ADA}.Release|ARM64.Deploy.0 = Release|ARM64
		{4D4AA027-EE67-4F7A-AE14-17580E788ADA}.Release|x64.ActiveCfg = Release|x64
		{4D4AA027-EE67-4F7A-AE14-17580E788ADA}.Release|x64.Build.0 = Release|x64
		{4D4AA027-EE67-4F7A-AE14-17580E788ADA}.Release|x64.Deploy.0 = Release|x64
		{4D4AA027-EE67-4F7A-AE14-17580E788ADA}.Release|x86.ActiveCfg = Release|x86
		{4D4AA027-EE67-4F7A-AE14-17580E788ADA}.Release|x86.Build.0 = Release|x86
		{4D4AA027-EE67-4F7A-AE14-17580E788ADA}.Release|x86.Deploy.0 = Release|x86
		{E2BC89BD-793A-4899-A785-97CA4192D7F1}.Debug|ARM.ActiveCfg = Debug|ARM
		{E2BC89BD-793A-4899-A785-97CA4192D7F1}.Debug|ARM.Build.0 = Debug|ARM
		{E2BC89BD-793A-4899-A785-97CA4192D7F1}.Debug|ARM.Deploy.0 = Debug|ARM
		{E2BC89BD-793A-4899-A785-97CA4192D7F1}.Debug|ARM64.ActiveCfg = Debug|ARM64
		{E2BC89BD-793A-4899-A785-97CA4192D7F1}.Debug|ARM64.Build.0 = Debug|ARM64
		{E2BC89BD-793A-4899-A785-97CA4192D7F1}.Debug|ARM64.Deploy.0 = Debug|ARM64
		{E2BC89BD-793A-4899-A785-97CA4192D7F1}.Debug|x64.ActiveCfg = Debug|x64
		{E2BC89BD-793A-4899-A785-97CA4192D7F1}.Debug|x64.Build.0 = Debug|x64
		{E2BC89BD-793A-4899-A785-97CA4192D7F1}.Debug|x64.Deploy.0 = Debug|x64
		{E2BC89BD-793A-4899-A785-97CA4192D7F1}.Debug|x86.ActiveCfg = Debug|x86
		{E2BC89BD-793A-4899-A785-97CA4192D7F1}.Debug|x86.Build.0 = Debug|x86
		{E2BC89BD-793A-4899-A785-97CA4192D7F1}.Debug|x86.Deploy.0 = Debug|x86
		{E2BC89BD-793A-4899-A785-97CA4192D7F1}.Release|ARM.ActiveCfg = Release|ARM
		{E2BC89BD-793A-4899-A785-97CA4192D7F1}.Release|ARM.Build.0 = Release|ARM
		{E2BC89BD-793A-4899-A785-97CA4192D7F1}.Release|ARM.Deploy.0 = Release|ARM
		{E2BC89BD-793A-4899-A785-97CA4192D7F1}.Release|ARM64.ActiveCfg = Release|ARM64
		{E2BC89BD-793A-4899-A785-97CA4192D7F1}.Release|ARM64.Build.0 = Release|ARM64
		{E2BC89BD-793A-4899-A785-97CA4192D7F1}.Release|ARM64.Deploy.0 = Release|ARM64
		{E2BC89BD-793A-4899-A785-97CA4192D7F1}.Release|x64.ActiveCfg = Release|x64
		{E2BC89BD-793A-4899-A785-97CA4192D7F1}.Release|x64.Build.0 = Release|x64
		{E2BC89BD-793A-4899-A785-97CA4192D7F1}.Release|x64.Deploy.0 = Release|x64
		{E2BC89BD-793A-4899-A785-97CA4192D7F1}.Release|x86.ActiveCfg = Release|x86
		{E2BC89BD-793A-4899-A785-97CA4192D7F1}.Release|x86.Build.0 = Release|x86
		{E2BC89BD-793A-4899-A785-97CA4192D7F1}.Release|x86.Deploy.0 = Release|x86
	EndGlobalSection
	GlobalSection(SolutionProperties) = preSolution
		HideSolutionNode = FALSE
	EndGlobalSection
	GlobalSection(NestedProjects) = preSolution
		{A1E4E1DC-8BE6-482E-835B-DEFA7FE49F48} = {797A6D92-7B5C-40B9-A923-FD45BB1216A5}
		{797A6D92-7B5C-40B9-A923-FD45BB1216A5} = {D210ABA1-2B81-4FD4-ADE6-3027F297D558}
		{429C3A84-B01F-4C10-8125-E8BED54C67A8} = {D210ABA1-2B81-4FD4-ADE6-3027F297D558}
		{5CDB8A90-4FB3-416D-96FC-FD12DB1BB703} = {26D8944C-EB5E-483C-BA0F-1CE9CAF60B43}
		{26D8944C-EB5E-483C-BA0F-1CE9CAF60B43} = {429C3A84-B01F-4C10-8125-E8BED54C67A8}
		{36F209B6-F097-4662-9FD9-84F6AFCEA909} = {C5A858D1-A595-4615-9093-C0D7D9092B0C}
		{3A106D32-2CC7-4853-8949-E984A5E54CE9} = {C5A858D1-A595-4615-9093-C0D7D9092B0C}
		{92744882-31FD-4A4E-87E4-788778D97259} = {3A106D32-2CC7-4853-8949-E984A5E54CE9}
		{2D310625-2FC7-42CA-B817-1C7741D60A5F} = {36F209B6-F097-4662-9FD9-84F6AFCEA909}
		{E00CBD89-5573-4ED3-BECA-2C2DAD31FEB4} = {2D310625-2FC7-42CA-B817-1C7741D60A5F}
		{8AFE462B-1CEB-4A68-A989-ED0FD8CD3784} = {429C3A84-B01F-4C10-8125-E8BED54C67A8}
		{4D4AA027-EE67-4F7A-AE14-17580E788ADA} = {8AFE462B-1CEB-4A68-A989-ED0FD8CD3784}
		{BE174B8A-E75F-40AE-8A20-6060DB77CDC6} = {36F209B6-F097-4662-9FD9-84F6AFCEA909}
		{E2BC89BD-793A-4899-A785-97CA4192D7F1} = {BE174B8A-E75F-40AE-8A20-6060DB77CDC6}
	EndGlobalSection
	GlobalSection(ExtensibilityGlobals) = postSolution
		SolutionGuid = {66E2FF26-B7B9-4FBA-9EEF-6AEF50B9AD52}
	EndGlobalSection
EndGlobal
